// !$*UTF8*$!
{
	archiveVersion = 1;
	classes = {
	};
	objectVersion = 50;
	objects = {

/* Begin PBXBuildFile section */
		7E966D8110A79C7D9E484B97 /* Pods_FMSecureTextFieldExample.framework in Frameworks */ = {isa = PBXBuildFile; fileRef = 32BFF9371F8333E7D889D2E7 /* Pods_FMSecureTextFieldExample.framework */; };
		EF830FC522F1A48700171831 /* AppDelegate.swift in Sources */ = {isa = PBXBuildFile; fileRef = EF830FC422F1A48700171831 /* AppDelegate.swift */; };
		EF830FC722F1A48700171831 /* ViewController.swift in Sources */ = {isa = PBXBuildFile; fileRef = EF830FC622F1A48700171831 /* ViewController.swift */; };
		EF830FCA22F1A48700171831 /* Main.storyboard in Resources */ = {isa = PBXBuildFile; fileRef = EF830FC822F1A48700171831 /* Main.storyboard */; };
		EF830FCC22F1A48900171831 /* Assets.xcassets in Resources */ = {isa = PBXBuildFile; fileRef = EF830FCB22F1A48900171831 /* Assets.xcassets */; };
		EF830FCF22F1A48900171831 /* LaunchScreen.storyboard in Resources */ = {isa = PBXBuildFile; fileRef = EF830FCD22F1A48900171831 /* LaunchScreen.storyboard */; };
/* End PBXBuildFile section */

/* Begin PBXFileReference section */
		32BFF9371F8333E7D889D2E7 /* Pods_FMSecureTextFieldExample.framework */ = {isa = PBXFileReference; explicitFileType = wrapper.framework; includeInIndex = 0; path = Pods_FMSecureTextFieldExample.framework; sourceTree = BUILT_PRODUCTS_DIR; };
		611649CB55DA52946ECC4FD4 /* Pods-FMSecureTextFieldExample.debug.xcconfig */ = {isa = PBXFileReference; includeInIndex = 1; lastKnownFileType = text.xcconfig; name = "Pods-FMSecureTextFieldExample.debug.xcconfig"; path = "Target Support Files/Pods-FMSecureTextFieldExample/Pods-FMSecureTextFieldExample.debug.xcconfig"; sourceTree = "<group>"; };
		BEB73B1FF5C5FFB78BE84B64 /* Pods-FMSecureTextFieldExample.release.xcconfig */ = {isa = PBXFileReference; includeInIndex = 1; lastKnownFileType = text.xcconfig; name = "Pods-FMSecureTextFieldExample.release.xcconfig"; path = "Target Support Files/Pods-FMSecureTextFieldExample/Pods-FMSecureTextFieldExample.release.xcconfig"; sourceTree = "<group>"; };
		EF830FC122F1A48700171831 /* FMSecureTextFieldExample.app */ = {isa = PBXFileReference; explicitFileType = wrapper.application; includeInIndex = 0; path = FMSecureTextFieldExample.app; sourceTree = BUILT_PRODUCTS_DIR; };
		EF830FC422F1A48700171831 /* AppDelegate.swift */ = {isa = PBXFileReference; lastKnownFileType = sourcecode.swift; path = AppDelegate.swift; sourceTree = "<group>"; };
		EF830FC622F1A48700171831 /* ViewController.swift */ = {isa = PBXFileReference; lastKnownFileType = sourcecode.swift; path = ViewController.swift; sourceTree = "<group>"; };
		EF830FC922F1A48700171831 /* Base */ = {isa = PBXFileReference; lastKnownFileType = file.storyboard; name = Base; path = Base.lproj/Main.storyboard; sourceTree = "<group>"; };
		EF830FCB22F1A48900171831 /* Assets.xcassets */ = {isa = PBXFileReference; lastKnownFileType = folder.assetcatalog; path = Assets.xcassets; sourceTree = "<group>"; };
		EF830FCE22F1A48900171831 /* Base */ = {isa = PBXFileReference; lastKnownFileType = file.storyboard; name = Base; path = Base.lproj/LaunchScreen.storyboard; sourceTree = "<group>"; };
		EF830FD022F1A48900171831 /* Info.plist */ = {isa = PBXFileReference; lastKnownFileType = text.plist.xml; path = Info.plist; sourceTree = "<group>"; };
/* End PBXFileReference section */

/* Begin PBXFrameworksBuildPhase section */
		EF830FBE22F1A48700171831 /* Frameworks */ = {
			isa = PBXFrameworksBuildPhase;
			buildActionMask = 2147483647;
			files = (
				7E966D8110A79C7D9E484B97 /* Pods_FMSecureTextFieldExample.framework in Frameworks */,
			);
			runOnlyForDeploymentPostprocessing = 0;
		};
/* End PBXFrameworksBuildPhase section */

/* Begin PBXGroup section */
		37F043DDC012F1E0E886B5B0 /* Pods */ = {
			isa = PBXGroup;
			children = (
				611649CB55DA52946ECC4FD4 /* Pods-FMSecureTextFieldExample.debug.xcconfig */,
				BEB73B1FF5C5FFB78BE84B64 /* Pods-FMSecureTextFieldExample.release.xcconfig */,
			);
			name = Pods;
			path = Pods;
			sourceTree = "<group>";
		};
		C0EAC54D96E3D007A73C67DC /* Frameworks */ = {
			isa = PBXGroup;
			children = (
				32BFF9371F8333E7D889D2E7 /* Pods_FMSecureTextFieldExample.framework */,
			);
			name = Frameworks;
			sourceTree = "<group>";
		};
		EF830FB822F1A48700171831 = {
			isa = PBXGroup;
			children = (
				EF830FC322F1A48700171831 /* FMSecureTextFieldExample */,
				EF830FC222F1A48700171831 /* Products */,
				37F043DDC012F1E0E886B5B0 /* Pods */,
				C0EAC54D96E3D007A73C67DC /* Frameworks */,
			);
			sourceTree = "<group>";
		};
		EF830FC222F1A48700171831 /* Products */ = {
			isa = PBXGroup;
			children = (
				EF830FC122F1A48700171831 /* FMSecureTextFieldExample.app */,
			);
			name = Products;
			sourceTree = "<group>";
		};
		EF830FC322F1A48700171831 /* FMSecureTextFieldExample */ = {
			isa = PBXGroup;
			children = (
				EF830FC422F1A48700171831 /* AppDelegate.swift */,
				EF830FC622F1A48700171831 /* ViewController.swift */,
				EF830FC822F1A48700171831 /* Main.storyboard */,
				EF830FCB22F1A48900171831 /* Assets.xcassets */,
				EF830FCD22F1A48900171831 /* LaunchScreen.storyboard */,
				EF830FD022F1A48900171831 /* Info.plist */,
			);
			path = FMSecureTextFieldExample;
			sourceTree = "<group>";
		};
/* End PBXGroup section */

/* Begin PBXNativeTarget section */
		EF830FC022F1A48700171831 /* FMSecureTextFieldExample */ = {
			isa = PBXNativeTarget;
			buildConfigurationList = EF830FD322F1A48900171831 /* Build configuration list for PBXNativeTarget "FMSecureTextFieldExample" */;
			buildPhases = (
				1ECCE3980EBBA3F805D5C1D4 /* [CP] Check Pods Manifest.lock */,
				EF830FBD22F1A48700171831 /* Sources */,
				EF830FBE22F1A48700171831 /* Frameworks */,
				EF830FBF22F1A48700171831 /* Resources */,
				BA889A35A946B9CF27157386 /* [CP] Embed Pods Frameworks */,
			);
			buildRules = (
			);
			dependencies = (
			);
			name = FMSecureTextFieldExample;
			productName = FMSecureTextFieldExample;
			productReference = EF830FC122F1A48700171831 /* FMSecureTextFieldExample.app */;
			productType = "com.apple.product-type.application";
		};
/* End PBXNativeTarget section */

/* Begin PBXProject section */
		EF830FB922F1A48700171831 /* Project object */ = {
			isa = PBXProject;
			attributes = {
				LastSwiftUpdateCheck = 1030;
				LastUpgradeCheck = 1030;
				ORGANIZATIONNAME = "Saad Albasha";
				TargetAttributes = {
					EF830FC022F1A48700171831 = {
						CreatedOnToolsVersion = 10.3;
					};
				};
			};
			buildConfigurationList = EF830FBC22F1A48700171831 /* Build configuration list for PBXProject "FMSecureTextFieldExample" */;
			compatibilityVersion = "Xcode 9.3";
			developmentRegion = en;
			hasScannedForEncodings = 0;
			knownRegions = (
				en,
				Base,
			);
			mainGroup = EF830FB822F1A48700171831;
			productRefGroup = EF830FC222F1A48700171831 /* Products */;
			projectDirPath = "";
			projectRoot = "";
			targets = (
				EF830FC022F1A48700171831 /* FMSecureTextFieldExample */,
			);
		};
/* End PBXProject section */

/* Begin PBXResourcesBuildPhase section */
		EF830FBF22F1A48700171831 /* Resources */ = {
			isa = PBXResourcesBuildPhase;
			buildActionMask = 2147483647;
			files = (
				EF830FCF22F1A48900171831 /* LaunchScreen.storyboard in Resources */,
				EF830FCC22F1A48900171831 /* Assets.xcassets in Resources */,
				EF830FCA22F1A48700171831 /* Main.storyboard in Resources */,
			);
			runOnlyForDeploymentPostprocessing = 0;
		};
/* End PBXResourcesBuildPhase section */

/* Begin PBXShellScriptBuildPhase section */
		1ECCE3980EBBA3F805D5C1D4 /* [CP] Check Pods Manifest.lock */ = {
			isa = PBXShellScriptBuildPhase;
			buildActionMask = 2147483647;
			files = (
			);
			inputFileListPaths = (
			);
			inputPaths = (
				"${PODS_PODFILE_DIR_PATH}/Podfile.lock",
				"${PODS_ROOT}/Manifest.lock",
			);
			name = "[CP] Check Pods Manifest.lock";
			outputFileListPaths = (
			);
			outputPaths = (
				"$(DERIVED_FILE_DIR)/Pods-FMSecureTextFieldExample-checkManifestLockResult.txt",
			);
			runOnlyForDeploymentPostprocessing = 0;
			shellPath = /bin/sh;
			shellScript = "diff \"${PODS_PODFILE_DIR_PATH}/Podfile.lock\" \"${PODS_ROOT}/Manifest.lock\" > /dev/null\nif [ $? != 0 ] ; then\n    # print error to STDERR\n    echo \"error: The sandbox is not in sync with the Podfile.lock. Run 'pod install' or update your CocoaPods installation.\" >&2\n    exit 1\nfi\n# This output is used by Xcode 'outputs' to avoid re-running this script phase.\necho \"SUCCESS\" > \"${SCRIPT_OUTPUT_FILE_0}\"\n";
			showEnvVarsInLog = 0;
		};
		BA889A35A946B9CF27157386 /* [CP] Embed Pods Frameworks */ = {
			isa = PBXShellScriptBuildPhase;
			buildActionMask = 2147483647;
			files = (
			);
			inputFileListPaths = (
				"${PODS_ROOT}/Target Support Files/Pods-FMSecureTextFieldExample/Pods-FMSecureTextFieldExample-frameworks-${CONFIGURATION}-input-files.xcfilelist",
			);
			name = "[CP] Embed Pods Frameworks";
			outputFileListPaths = (
				"${PODS_ROOT}/Target Support Files/Pods-FMSecureTextFieldExample/Pods-FMSecureTextFieldExample-frameworks-${CONFIGURATION}-output-files.xcfilelist",
			);
			runOnlyForDeploymentPostprocessing = 0;
			shellPath = /bin/sh;
			shellScript = "\"${PODS_ROOT}/Target Support Files/Pods-FMSecureTextFieldExample/Pods-FMSecureTextFieldExample-frameworks.sh\"\n";
			showEnvVarsInLog = 0;
		};
/* End PBXShellScriptBuildPhase section */

/* Begin PBXSourcesBuildPhase section */
		EF830FBD22F1A48700171831 /* Sources */ = {
			isa = PBXSourcesBuildPhase;
			buildActionMask = 2147483647;
			files = (
				EF830FC722F1A48700171831 /* ViewController.swift in Sources */,
				EF830FC522F1A48700171831 /* AppDelegate.swift in Sources */,
			);
			runOnlyForDeploymentPostprocessing = 0;
		};
/* End PBXSourcesBuildPhase section */

/* Begin PBXVariantGroup section */
		EF830FC822F1A48700171831 /* Main.storyboard */ = {
			isa = PBXVariantGroup;
			children = (
				EF830FC922F1A48700171831 /* Base */,
			);
			name = Main.storyboard;
			sourceTree = "<group>";
		};
		EF830FCD22F1A48900171831 /* LaunchScreen.storyboard */ = {
			isa = PBXVariantGroup;
			children = (
				EF830FCE22F1A48900171831 /* Base */,
			);
			name = LaunchScreen.storyboard;
			sourceTree = "<group>";
		};
/* End PBXVariantGroup section */

/* Begin XCBuildConfiguration section */
		EF830FD122F1A48900171831 /* Debug */ = {
			isa = XCBuildConfiguration;
			buildSettings = {
				ALWAYS_SEARCH_USER_PATHS = NO;
				CLANG_ANALYZER_NONNULL = YES;
				CLANG_ANALYZER_NUMBER_OBJECT_CONVERSION = YES_AGGRESSIVE;
				CLANG_CXX_LANGUAGE_STANDARD = "gnu++14";
				CLANG_CXX_LIBRARY = "libc++";
				CLANG_ENABLE_MODULES = YES;
				CLANG_ENABLE_OBJC_ARC = YES;
				CLANG_ENABLE_OBJC_WEAK = YES;
				CLANG_WARN_BLOCK_CAPTURE_AUTORELEASING = YES;
				CLANG_WARN_BOOL_CONVERSION = YES;
				CLANG_WARN_COMMA = YES;
				CLANG_WARN_CONSTANT_CONVERSION = YES;
				CLANG_WARN_DEPRECATED_OBJC_IMPLEMENTATIONS = YES;
				CLANG_WARN_DIRECT_OBJC_ISA_USAGE = YES_ERROR;
				CLANG_WARN_DOCUMENTATION_COMMENTS = YES;
				CLANG_WARN_EMPTY_BODY = YES;
				CLANG_WARN_ENUM_CONVERSION = YES;
				CLANG_WARN_INFINITE_RECURSION = YES;
				CLANG_WARN_INT_CONVERSION = YES;
				CLANG_WARN_NON_LITERAL_NULL_CONVERSION = YES;
				CLANG_WARN_OBJC_IMPLICIT_RETAIN_SELF = YES;
				CLANG_WARN_OBJC_LITERAL_CONVERSION = YES;
				CLANG_WARN_OBJC_ROOT_CLASS = YES_ERROR;
				CLANG_WARN_RANGE_LOOP_ANALYSIS = YES;
				CLANG_WARN_STRICT_PROTOTYPES = YES;
				CLANG_WARN_SUSPICIOUS_MOVE = YES;
				CLANG_WARN_UNGUARDED_AVAILABILITY = YES_AGGRESSIVE;
				CLANG_WARN_UNREACHABLE_CODE = YES;
				CLANG_WARN__DUPLICATE_METHOD_MATCH = YES;
				CODE_SIGN_IDENTITY = "iPhone Developer";
				COPY_PHASE_STRIP = NO;
				DEBUG_INFORMATION_FORMAT = dwarf;
				ENABLE_STRICT_OBJC_MSGSEND = YES;
				ENABLE_TESTABILITY = YES;
				GCC_C_LANGUAGE_STANDARD = gnu11;
				GCC_DYNAMIC_NO_PIC = NO;
				GCC_NO_COMMON_BLOCKS = YES;
				GCC_OPTIMIZATION_LEVEL = 0;
				GCC_PREPROCESSOR_DEFINITIONS = (
					"DEBUG=1",
					"$(inherited)",
				);
				GCC_WARN_64_TO_32_BIT_CONVERSION = YES;
				GCC_WARN_ABOUT_RETURN_TYPE = YES_ERROR;
				GCC_WARN_UNDECLARED_SELECTOR = YES;
				GCC_WARN_UNINITIALIZED_AUTOS = YES_AGGRESSIVE;
				GCC_WARN_UNUSED_FUNCTION = YES;
				GCC_WARN_UNUSED_VARIABLE = YES;
				IPHONEOS_DEPLOYMENT_TARGET = 12.4;
				MTL_ENABLE_DEBUG_INFO = INCLUDE_SOURCE;
				MTL_FAST_MATH = YES;
				ONLY_ACTIVE_ARCH = YES;
				SDKROOT = iphoneos;
				SWIFT_ACTIVE_COMPILATION_CONDITIONS = DEBUG;
				SWIFT_OPTIMIZATION_LEVEL = "-Onone";
			};
			name = Debug;
		};
		EF830FD222F1A48900171831 /* Release */ = {
			isa = XCBuildConfiguration;
			buildSettings = {
				ALWAYS_SEARCH_USER_PATHS = NO;
				CLANG_ANALYZER_NONNULL = YES;
				CLANG_ANALYZER_NUMBER_OBJECT_CONVERSION = YES_AGGRESSIVE;
				CLANG_CXX_LANGUAGE_STANDARD = "gnu++14";
				CLANG_CXX_LIBRARY = "libc++";
				CLANG_ENABLE_MODULES = YES;
				CLANG_ENABLE_OBJC_ARC = YES;
				CLANG_ENABLE_OBJC_WEAK = YES;
				CLANG_WARN_BLOCK_CAPTURE_AUTORELEASING = YES;
				CLANG_WARN_BOOL_CONVERSION = YES;
				CLANG_WARN_COMMA = YES;
				CLANG_WARN_CONSTANT_CONVERSION = YES;
				CLANG_WARN_DEPRECATED_OBJC_IMPLEMENTATIONS = YES;
				CLANG_WARN_DIRECT_OBJC_ISA_USAGE = YES_ERROR;
				CLANG_WARN_DOCUMENTATION_COMMENTS = YES;
				CLANG_WARN_EMPTY_BODY = YES;
				CLANG_WARN_ENUM_CONVERSION = YES;
				CLANG_WARN_INFINITE_RECURSION = YES;
				CLANG_WARN_INT_CONVERSION = YES;
				CLANG_WARN_NON_LITERAL_NULL_CONVERSION = YES;
				CLANG_WARN_OBJC_IMPLICIT_RETAIN_SELF = YES;
				CLANG_WARN_OBJC_LITERAL_CONVERSION = YES;
				CLANG_WARN_OBJC_ROOT_CLASS = YES_ERROR;
				CLANG_WARN_RANGE_LOOP_ANALYSIS = YES;
				CLANG_WARN_STRICT_PROTOTYPES = YES;
				CLANG_WARN_SUSPICIOUS_MOVE = YES;
				CLANG_WARN_UNGUARDED_AVAILABILITY = YES_AGGRESSIVE;
				CLANG_WARN_UNREACHABLE_CODE = YES;
				CLANG_WARN__DUPLICATE_METHOD_MATCH = YES;
				CODE_SIGN_IDENTITY = "iPhone Developer";
				COPY_PHASE_STRIP = NO;
				DEBUG_INFORMATION_FORMAT = "dwarf-with-dsym";
				ENABLE_NS_ASSERTIONS = NO;
				ENABLE_STRICT_OBJC_MSGSEND = YES;
				GCC_C_LANGUAGE_STANDARD = gnu11;
				GCC_NO_COMMON_BLOCKS = YES;
				GCC_WARN_64_TO_32_BIT_CONVERSION = YES;
				GCC_WARN_ABOUT_RETURN_TYPE = YES_ERROR;
				GCC_WARN_UNDECLARED_SELECTOR = YES;
				GCC_WARN_UNINITIALIZED_AUTOS = YES_AGGRESSIVE;
				GCC_WARN_UNUSED_FUNCTION = YES;
				GCC_WARN_UNUSED_VARIABLE = YES;
				IPHONEOS_DEPLOYMENT_TARGET = 12.4;
				MTL_ENABLE_DEBUG_INFO = NO;
				MTL_FAST_MATH = YES;
				SDKROOT = iphoneos;
				SWIFT_COMPILATION_MODE = wholemodule;
				SWIFT_OPTIMIZATION_LEVEL = "-O";
				VALIDATE_PRODUCT = YES;
			};
			name = Release;
		};
		EF830FD422F1A48900171831 /* Debug */ = {
			isa = XCBuildConfiguration;
			baseConfigurationReference = 611649CB55DA52946ECC4FD4 /* Pods-FMSecureTextFieldExample.debug.xcconfig */;
			buildSettings = {
				ASSETCATALOG_COMPILER_APPICON_NAME = AppIcon;
				CODE_SIGN_STYLE = Automatic;
				INFOPLIST_FILE = FMSecureTextFieldExample/Info.plist;
				LD_RUNPATH_SEARCH_PATHS = (
					"$(inherited)",
					"@executable_path/Frameworks",
				);
				PRODUCT_BUNDLE_IDENTIFIER = com.aaoii.FMSecureTextFieldExample;
				PRODUCT_NAME = "$(TARGET_NAME)";
				SWIFT_VERSION = 5.0;
				TARGETED_DEVICE_FAMILY = "1,2";
			};
			name = Debug;
		};
		EF830FD522F1A48900171831 /* Release */ = {
			isa = XCBuildConfiguration;
			baseConfigurationReference = BEB73B1FF5C5FFB78BE84B64 /* Pods-FMSecureTextFieldExample.release.xcconfig */;
			buildSettings = {
				ASSETCATALOG_COMPILER_APPICON_NAME = AppIcon;
				CODE_SIGN_STYLE = Automatic;
				INFOPLIST_FILE = FMSecureTextFieldExample/Info.plist;
				LD_RUNPATH_SEARCH_PATHS = (
					"$(inherited)",
					"@executable_path/Frameworks",
				);
				PRODUCT_BUNDLE_IDENTIFIER = com.aaoii.FMSecureTextFieldExample;
				PRODUCT_NAME = "$(TARGET_NAME)";
				SWIFT_VERSION = 5.0;
				TARGETED_DEVICE_FAMILY = "1,2";
			};
			name = Release;
		};
/* End XCBuildConfiguration section */

/* Begin XCConfigurationList section */
		EF830FBC22F1A48700171831 /* Build configuration list for PBXProject "FMSecureTextFieldExample" */ = {
			isa = XCConfigurationList;
			buildConfigurations = (
				EF830FD122F1A48900171831 /* Debug */,
				EF830FD222F1A48900171831 /* Release */,
			);
			defaultConfigurationIsVisible = 0;
			defaultConfigurationName = Release;
		};
		EF830FD322F1A48900171831 /* Build configuration list for PBXNativeTarget "FMSecureTextFieldExample" */ = {
			isa = XCConfigurationList;
			buildConfigurations = (
				EF830FD422F1A48900171831 /* Debug */,
				EF830FD522F1A48900171831 /* Release */,
			);
			defaultConfigurationIsVisible = 0;
			defaultConfigurationName = Release;
		};
/* End XCConfigurationList section */
	};
	rootObject = EF830FB922F1A48700171831 /* Project object */;
}
